
Microsoft Visual Studio Solution File, Format Version 12.00
# Visual Studio Version 17
VisualStudioVersion = 17.3.32901.215
MinimumVisualStudioVersion = 10.0.40219.1
Project("{FAE04EC0-301F-11D3-BF4B-00C04F79EFBC}") = "Lab4-2", "Lab4-2\Lab4-2.csproj", "{C90AA251-CA4E-491C-AE9C-F96060D3FB6C}"
EndProject
Project("{FAE04EC0-301F-11D3-BF4B-00C04F79EFBC}") = "Lab4-2Tests", "Lab4-2Tests\Lab4-2Tests.csproj", "{9BBABB96-2D3B-4DB7-8A3E-82040203CA43}"
EndProject
Global
	GlobalSection(SolutionConfigurationPlatforms) = preSolution
		Debug|Any CPU = Debug|Any CPU
		Release|Any CPU = Release|Any CPU
	EndGlobalSection
	GlobalSection(ProjectConfigurationPlatforms) = postSolution
		{C90AA251-CA4E-491C-AE9C-F96060D3FB6C}.Debug|Any CPU.ActiveCfg = Debug|Any CPU
		{C90AA251-CA4E-491C-AE9C-F96060D3FB6C}.Debug|Any CPU.Build.0 = Debug|Any CPU
		{C90AA251-CA4E-491C-AE9C-F96060D3FB6C}.Release|Any CPU.ActiveCfg = Release|Any CPU
		{C90AA251-CA4E-491C-AE9C-F96060D3FB6C}.Release|Any CPU.Build.0 = Release|Any CPU
		{9BBABB96-2D3B-4DB7-8A3E-82040203CA43}.Debug|Any CPU.ActiveCfg = Debug|Any CPU
		{9BBABB96-2D3B-4DB7-8A3E-82040203CA43}.Debug|Any CPU.Build.0 = Debug|Any CPU
		{9BBABB96-2D3B-4DB7-8A3E-82040203CA43}.Release|Any CPU.ActiveCfg = Release|Any CPU
		{9BBABB96-2D3B-4DB7-8A3E-82040203CA43}.Release|Any CPU.Build.0 = Release|Any CPU
	EndGlobalSection
	GlobalSection(SolutionProperties) = preSolution
		HideSolutionNode = FALSE
	EndGlobalSection
	GlobalSection(ExtensibilityGlobals) = postSolution
		SolutionGuid = {86B66466-2E24-4D40-A090-A22B9E2C7B1C}
	EndGlobalSection
EndGlobal
