
Microsoft Visual Studio Solution File, Format Version 12.00
# Visual Studio Version 17
VisualStudioVersion = 17.3.32901.215
MinimumVisualStudioVersion = 10.0.40219.1
Project("{FAE04EC0-301F-11D3-BF4B-00C04F79EFBC}") = "Lab6", "Lab6\Lab6.csproj", "{A36080A8-1BF4-4A2C-9A38-7BD06227E7A8}"
EndProject
Project("{FAE04EC0-301F-11D3-BF4B-00C04F79EFBC}") = "FormForLab6", "FormForLab6\FormForLab6.csproj", "{2F61F0C8-ED7B-4CD2-BA3A-6EF04C0A9EBB}"
EndProject
Global
	GlobalSection(SolutionConfigurationPlatforms) = preSolution
		Debug|Any CPU = Debug|Any CPU
		Release|Any CPU = Release|Any CPU
	EndGlobalSection
	GlobalSection(ProjectConfigurationPlatforms) = postSolution
		{A36080A8-1BF4-4A2C-9A38-7BD06227E7A8}.Debug|Any CPU.ActiveCfg = Debug|Any CPU
		{A36080A8-1BF4-4A2C-9A38-7BD06227E7A8}.Debug|Any CPU.Build.0 = Debug|Any CPU
		{A36080A8-1BF4-4A2C-9A38-7BD06227E7A8}.Release|Any CPU.ActiveCfg = Release|Any CPU
		{A36080A8-1BF4-4A2C-9A38-7BD06227E7A8}.Release|Any CPU.Build.0 = Release|Any CPU
		{2F61F0C8-ED7B-4CD2-BA3A-6EF04C0A9EBB}.Debug|Any CPU.ActiveCfg = Debug|Any CPU
		{2F61F0C8-ED7B-4CD2-BA3A-6EF04C0A9EBB}.Debug|Any CPU.Build.0 = Debug|Any CPU
		{2F61F0C8-ED7B-4CD2-BA3A-6EF04C0A9EBB}.Release|Any CPU.ActiveCfg = Release|Any CPU
		{2F61F0C8-ED7B-4CD2-BA3A-6EF04C0A9EBB}.Release|Any CPU.Build.0 = Release|Any CPU
	EndGlobalSection
	GlobalSection(SolutionProperties) = preSolution
		HideSolutionNode = FALSE
	EndGlobalSection
	GlobalSection(ExtensibilityGlobals) = postSolution
		SolutionGuid = {1463D828-62DB-45A5-9E27-BF3964AC78D0}
	EndGlobalSection
EndGlobal
